
Microsoft Visual Studio Solution File, Format Version 12.00
# Visual Studio 15
VisualStudioVersion = 15.0.28307.421
MinimumVisualStudioVersion = 10.0.40219.1
Project("{FAE04EC0-301F-11D3-BF4B-00C04F79EFBC}") = "PatsMortarAccuracy", "PatsMortarAccuracy\PatsMortarAccuracy.csproj", "{AEF97F4E-E5CA-4721-AE45-5EA49CD863B8}"
EndProject
Global
	GlobalSection(SolutionConfigurationPlatforms) = preSolution
		Debug|Any CPU = Debug|Any CPU
		Release|Any CPU = Release|Any CPU
	EndGlobalSection
	GlobalSection(ProjectConfigurationPlatforms) = postSolution
		{AEF97F4E-E5CA-4721-AE45-5EA49CD863B8}.Debug|Any CPU.ActiveCfg = Debug|Any CPU
		{AEF97F4E-E5CA-4721-AE45-5EA49CD863B8}.Debug|Any CPU.Build.0 = Debug|Any CPU
		{AEF97F4E-E5CA-4721-AE45-5EA49CD863B8}.Release|Any CPU.ActiveCfg = Release|Any CPU
		{AEF97F4E-E5CA-4721-AE45-5EA49CD863B8}.Release|Any CPU.Build.0 = Release|Any CPU
	EndGlobalSection
	GlobalSection(SolutionProperties) = preSolution
		HideSolutionNode = FALSE
	EndGlobalSection
	GlobalSection(ExtensibilityGlobals) = postSolution
		SolutionGuid = {2DA0B61A-5632-4AA5-A223-C61321B8BF74}
	EndGlobalSection
EndGlobal
